
Microsoft Visual Studio Solution File, Format Version 10.00
# Visual Studio 2008
Project("{8BC9CEB8-8B4A-11D0-8D11-00A0C91BC942}") = "Engine", "..\..\Common\Engine\Engine\EngineVC90.vcproj", "{C846E4E7-2A4C-4886-B3C5-0C2D6E04184E}"
	ProjectSection(ProjectDependencies) = postProject
		{A9637957-A78E-4FB9-956D-82D132C1C0F7} = {A9637957-A78E-4FB9-956D-82D132C1C0F7}
	EndProjectSection
EndProject
Project("{8BC9CEB8-8B4A-11D0-8D11-00A0C91BC942}") = "Utility", "..\..\Common\Utility\Utility\UtilityVC90.vcproj", "{A9637957-A78E-4FB9-956D-82D132C1C0F7}"
EndProject
Project("{8BC9CEB8-8B4A-11D0-8D11-00A0C91BC942}") = "Protocol", "..\..\Common\Protocol\Protocol\ProtocolVC90.vcproj", "{FBEBE64C-4B00-4730-AC05-2748697F8C9F}"
EndProject
Project("{8BC9CEB8-8B4A-11D0-8D11-00A0C91BC942}") = "GameLogic", "..\..\Common\GameLogic\GameLogic\GameLogicVC90.vcproj", "{24F9CA0B-5953-4974-98C1-702BC54B539F}"
	ProjectSection(ProjectDependencies) = postProject
		{A9637957-A78E-4FB9-956D-82D132C1C0F7} = {A9637957-A78E-4FB9-956D-82D132C1C0F7}
	EndProjectSection
EndProject
Project("{8BC9CEB8-8B4A-11D0-8D11-00A0C91BC942}") = "Client", "Build\ClientVC90.vcproj", "{3C3C3D3A-2F25-4F91-A864-EDA5B58E4404}"
	ProjectSection(ProjectDependencies) = postProject
		{24F9CA0B-5953-4974-98C1-702BC54B539F} = {24F9CA0B-5953-4974-98C1-702BC54B539F}
		{FBEBE64C-4B00-4730-AC05-2748697F8C9F} = {FBEBE64C-4B00-4730-AC05-2748697F8C9F}
		{A9637957-A78E-4FB9-956D-82D132C1C0F7} = {A9637957-A78E-4FB9-956D-82D132C1C0F7}
		{BFDA54D6-DC76-41E9-8A29-96AB12171DB1} = {BFDA54D6-DC76-41E9-8A29-96AB12171DB1}
		{C846E4E7-2A4C-4886-B3C5-0C2D6E04184E} = {C846E4E7-2A4C-4886-B3C5-0C2D6E04184E}
		{030449F1-774D-4F67-AF67-5F84E2A68132} = {030449F1-774D-4F67-AF67-5F84E2A68132}
	EndProjectSection
EndProject
Project("{8BC9CEB8-8B4A-11D0-8D11-00A0C91BC942}") = "Network", "..\..\Common\Network\Network\NetworkVC90.vcproj", "{BFDA54D6-DC76-41E9-8A29-96AB12171DB1}"
EndProject
Project("{8BC9CEB8-8B4A-11D0-8D11-00A0C91BC942}") = "UISystem", "..\..\Common\UISystem\Src\UISystemVC90.vcproj", "{030449F1-774D-4F67-AF67-5F84E2A68132}"
	ProjectSection(ProjectDependencies) = postProject
		{A9637957-A78E-4FB9-956D-82D132C1C0F7} = {A9637957-A78E-4FB9-956D-82D132C1C0F7}
	EndProjectSection
EndProject
Global
	GlobalSection(SolutionConfigurationPlatforms) = preSolution
		ReleaseDLLMT|Win32 = ReleaseDLLMT|Win32
		ReleaseMT|Win32 = ReleaseMT|Win32
		ShippingDLLMT|Win32 = ShippingDLLMT|Win32
		ShippingExeMT|Win32 = ShippingExeMT|Win32
	EndGlobalSection
	GlobalSection(ProjectConfigurationPlatforms) = postSolution
		{C846E4E7-2A4C-4886-B3C5-0C2D6E04184E}.ReleaseDLLMT|Win32.ActiveCfg = ReleaseDLLMT|Win32
		{C846E4E7-2A4C-4886-B3C5-0C2D6E04184E}.ReleaseDLLMT|Win32.Build.0 = ReleaseDLLMT|Win32
		{C846E4E7-2A4C-4886-B3C5-0C2D6E04184E}.ReleaseMT|Win32.ActiveCfg = ReleaseMT|Win32
		{C846E4E7-2A4C-4886-B3C5-0C2D6E04184E}.ReleaseMT|Win32.Build.0 = ReleaseMT|Win32
		{C846E4E7-2A4C-4886-B3C5-0C2D6E04184E}.ShippingDLLMT|Win32.ActiveCfg = ShippingDLLMT|Win32
		{C846E4E7-2A4C-4886-B3C5-0C2D6E04184E}.ShippingDLLMT|Win32.Build.0 = ShippingDLLMT|Win32
		{C846E4E7-2A4C-4886-B3C5-0C2D6E04184E}.ShippingExeMT|Win32.ActiveCfg = ShippingExeMT|Win32
		{C846E4E7-2A4C-4886-B3C5-0C2D6E04184E}.ShippingExeMT|Win32.Build.0 = ShippingExeMT|Win32
		{A9637957-A78E-4FB9-956D-82D132C1C0F7}.ReleaseDLLMT|Win32.ActiveCfg = ReleaseDLLMT|Win32
		{A9637957-A78E-4FB9-956D-82D132C1C0F7}.ReleaseDLLMT|Win32.Build.0 = ReleaseDLLMT|Win32
		{A9637957-A78E-4FB9-956D-82D132C1C0F7}.ReleaseMT|Win32.ActiveCfg = ReleaseMT|Win32
		{A9637957-A78E-4FB9-956D-82D132C1C0F7}.ReleaseMT|Win32.Build.0 = ReleaseMT|Win32
		{A9637957-A78E-4FB9-956D-82D132C1C0F7}.ShippingDLLMT|Win32.ActiveCfg = ShippingDLLMT|Win32
		{A9637957-A78E-4FB9-956D-82D132C1C0F7}.ShippingDLLMT|Win32.Build.0 = ShippingDLLMT|Win32
		{A9637957-A78E-4FB9-956D-82D132C1C0F7}.ShippingExeMT|Win32.ActiveCfg = ShippingExeMT|Win32
		{A9637957-A78E-4FB9-956D-82D132C1C0F7}.ShippingExeMT|Win32.Build.0 = ShippingExeMT|Win32
		{FBEBE64C-4B00-4730-AC05-2748697F8C9F}.ReleaseDLLMT|Win32.ActiveCfg = ReleaseDLLMT|Win32
		{FBEBE64C-4B00-4730-AC05-2748697F8C9F}.ReleaseDLLMT|Win32.Build.0 = ReleaseDLLMT|Win32
		{FBEBE64C-4B00-4730-AC05-2748697F8C9F}.ReleaseMT|Win32.ActiveCfg = ReleaseMT|Win32
		{FBEBE64C-4B00-4730-AC05-2748697F8C9F}.ReleaseMT|Win32.Build.0 = ReleaseMT|Win32
		{FBEBE64C-4B00-4730-AC05-2748697F8C9F}.ShippingDLLMT|Win32.ActiveCfg = ShippingDLLMT|Win32
		{FBEBE64C-4B00-4730-AC05-2748697F8C9F}.ShippingDLLMT|Win32.Build.0 = ShippingDLLMT|Win32
		{FBEBE64C-4B00-4730-AC05-2748697F8C9F}.ShippingExeMT|Win32.ActiveCfg = ShippingExeMT|Win32
		{FBEBE64C-4B00-4730-AC05-2748697F8C9F}.ShippingExeMT|Win32.Build.0 = ShippingExeMT|Win32
		{24F9CA0B-5953-4974-98C1-702BC54B539F}.ReleaseDLLMT|Win32.ActiveCfg = ReleaseDLLMT|Win32
		{24F9CA0B-5953-4974-98C1-702BC54B539F}.ReleaseDLLMT|Win32.Build.0 = ReleaseDLLMT|Win32
		{24F9CA0B-5953-4974-98C1-702BC54B539F}.ReleaseMT|Win32.ActiveCfg = ReleaseMT|Win32
		{24F9CA0B-5953-4974-98C1-702BC54B539F}.ReleaseMT|Win32.Build.0 = ReleaseMT|Win32
		{24F9CA0B-5953-4974-98C1-702BC54B539F}.ShippingDLLMT|Win32.ActiveCfg = ShippingDLLMT|Win32
		{24F9CA0B-5953-4974-98C1-702BC54B539F}.ShippingDLLMT|Win32.Build.0 = ShippingDLLMT|Win32
		{24F9CA0B-5953-4974-98C1-702BC54B539F}.ShippingExeMT|Win32.ActiveCfg = ShippingExeMT|Win32
		{24F9CA0B-5953-4974-98C1-702BC54B539F}.ShippingExeMT|Win32.Build.0 = ShippingExeMT|Win32
		{3C3C3D3A-2F25-4F91-A864-EDA5B58E4404}.ReleaseDLLMT|Win32.ActiveCfg = ReleaseDLLMT|Win32
		{3C3C3D3A-2F25-4F91-A864-EDA5B58E4404}.ReleaseDLLMT|Win32.Build.0 = ReleaseDLLMT|Win32
		{3C3C3D3A-2F25-4F91-A864-EDA5B58E4404}.ReleaseMT|Win32.ActiveCfg = ReleaseMT|Win32
		{3C3C3D3A-2F25-4F91-A864-EDA5B58E4404}.ReleaseMT|Win32.Build.0 = ReleaseMT|Win32
		{3C3C3D3A-2F25-4F91-A864-EDA5B58E4404}.ShippingDLLMT|Win32.ActiveCfg = ShippingDLLMT|Win32
		{3C3C3D3A-2F25-4F91-A864-EDA5B58E4404}.ShippingDLLMT|Win32.Build.0 = ShippingDLLMT|Win32
		{3C3C3D3A-2F25-4F91-A864-EDA5B58E4404}.ShippingExeMT|Win32.ActiveCfg = ShippingExeMT|Win32
		{3C3C3D3A-2F25-4F91-A864-EDA5B58E4404}.ShippingExeMT|Win32.Build.0 = ShippingExeMT|Win32
		{BFDA54D6-DC76-41E9-8A29-96AB12171DB1}.ReleaseDLLMT|Win32.ActiveCfg = ReleaseDLLMT|Win32
		{BFDA54D6-DC76-41E9-8A29-96AB12171DB1}.ReleaseDLLMT|Win32.Build.0 = ReleaseDLLMT|Win32
		{BFDA54D6-DC76-41E9-8A29-96AB12171DB1}.ReleaseMT|Win32.ActiveCfg = ReleaseMT|Win32
		{BFDA54D6-DC76-41E9-8A29-96AB12171DB1}.ReleaseMT|Win32.Build.0 = ReleaseMT|Win32
		{BFDA54D6-DC76-41E9-8A29-96AB12171DB1}.ShippingDLLMT|Win32.ActiveCfg = ShippingDLLMT|Win32
		{BFDA54D6-DC76-41E9-8A29-96AB12171DB1}.ShippingDLLMT|Win32.Build.0 = ShippingDLLMT|Win32
		{BFDA54D6-DC76-41E9-8A29-96AB12171DB1}.ShippingExeMT|Win32.ActiveCfg = ShippingExeMT|Win32
		{BFDA54D6-DC76-41E9-8A29-96AB12171DB1}.ShippingExeMT|Win32.Build.0 = ShippingExeMT|Win32
		{030449F1-774D-4F67-AF67-5F84E2A68132}.ReleaseDLLMT|Win32.ActiveCfg = ReleaseDLLMT|Win32
		{030449F1-774D-4F67-AF67-5F84E2A68132}.ReleaseDLLMT|Win32.Build.0 = ReleaseDLLMT|Win32
		{030449F1-774D-4F67-AF67-5F84E2A68132}.ReleaseMT|Win32.ActiveCfg = ReleaseMT|Win32
		{030449F1-774D-4F67-AF67-5F84E2A68132}.ReleaseMT|Win32.Build.0 = ReleaseMT|Win32
		{030449F1-774D-4F67-AF67-5F84E2A68132}.ShippingDLLMT|Win32.ActiveCfg = ShippingDLLMT|Win32
		{030449F1-774D-4F67-AF67-5F84E2A68132}.ShippingDLLMT|Win32.Build.0 = ShippingDLLMT|Win32
		{030449F1-774D-4F67-AF67-5F84E2A68132}.ShippingExeMT|Win32.ActiveCfg = ShippingExeMT|Win32
		{030449F1-774D-4F67-AF67-5F84E2A68132}.ShippingExeMT|Win32.Build.0 = ShippingExeMT|Win32
	EndGlobalSection
	GlobalSection(SolutionProperties) = preSolution
		HideSolutionNode = FALSE
	EndGlobalSection
EndGlobal
