
Microsoft Visual Studio Solution File, Format Version 12.00
# Visual Studio 2013
VisualStudioVersion = 12.0.31101.0
MinimumVisualStudioVersion = 10.0.40219.1
Project("{8BC9CEB8-8B4A-11D0-8D11-00A0C91BC942}") = "GameServer", "GameServer\GameServerVC120.vcxproj", "{2F06A0A3-4DEE-4296-9886-EBC42A0A34DC}"
EndProject
Project("{8BC9CEB8-8B4A-11D0-8D11-00A0C91BC942}") = "Protocol", "..\..\Common\Protocol\Protocol\ProtocolVC120.vcxproj", "{FBEBE64C-4B00-4730-AC05-2748697F8C9F}"
	ProjectSection(ProjectDependencies) = postProject
		{A9637957-A78E-4FB9-956D-82D132C1C0F7} = {A9637957-A78E-4FB9-956D-82D132C1C0F7}
	EndProjectSection
EndProject
Project("{8BC9CEB8-8B4A-11D0-8D11-00A0C91BC942}") = "GameLogic", "..\..\Common\GameLogic\GameLogic\GameLogicVC120.vcxproj", "{24F9CA0B-5953-4974-98C1-702BC54B539F}"
	ProjectSection(ProjectDependencies) = postProject
		{FBEBE64C-4B00-4730-AC05-2748697F8C9F} = {FBEBE64C-4B00-4730-AC05-2748697F8C9F}
		{A9637957-A78E-4FB9-956D-82D132C1C0F7} = {A9637957-A78E-4FB9-956D-82D132C1C0F7}
	EndProjectSection
EndProject
Project("{8BC9CEB8-8B4A-11D0-8D11-00A0C91BC942}") = "Utility", "..\..\Common\Utility\Utility\UtilityVC120.vcxproj", "{A9637957-A78E-4FB9-956D-82D132C1C0F7}"
EndProject
Project("{8BC9CEB8-8B4A-11D0-8D11-00A0C91BC942}") = "Network", "..\..\Common\Network\Network\NetworkVC120.vcxproj", "{BFDA54D6-DC76-41E9-8A29-96AB12171DB1}"
	ProjectSection(ProjectDependencies) = postProject
		{A9637957-A78E-4FB9-956D-82D132C1C0F7} = {A9637957-A78E-4FB9-956D-82D132C1C0F7}
	EndProjectSection
EndProject
Project("{8BC9CEB8-8B4A-11D0-8D11-00A0C91BC942}") = "ActivationCode", "..\Tools\ActivationCode\ActivationCodeVC120.vcxproj", "{D8ECF785-E212-4D96-9FF7-2EB5BF3F18C5}"
	ProjectSection(ProjectDependencies) = postProject
		{24F9CA0B-5953-4974-98C1-702BC54B539F} = {24F9CA0B-5953-4974-98C1-702BC54B539F}
		{FBEBE64C-4B00-4730-AC05-2748697F8C9F} = {FBEBE64C-4B00-4730-AC05-2748697F8C9F}
		{A9637957-A78E-4FB9-956D-82D132C1C0F7} = {A9637957-A78E-4FB9-956D-82D132C1C0F7}
		{BFDA54D6-DC76-41E9-8A29-96AB12171DB1} = {BFDA54D6-DC76-41E9-8A29-96AB12171DB1}
	EndProjectSection
EndProject
Global
	GlobalSection(SolutionConfigurationPlatforms) = preSolution
		ActivationGenerate|x64 = ActivationGenerate|x64
		Robot_Server|x64 = Robot_Server|x64
		Shipping_Server|x64 = Shipping_Server|x64
	EndGlobalSection
	GlobalSection(ProjectConfigurationPlatforms) = postSolution
		{2F06A0A3-4DEE-4296-9886-EBC42A0A34DC}.ActivationGenerate|x64.ActiveCfg = Gtest_Server|x64
		{2F06A0A3-4DEE-4296-9886-EBC42A0A34DC}.ActivationGenerate|x64.Build.0 = Gtest_Server|x64
		{2F06A0A3-4DEE-4296-9886-EBC42A0A34DC}.Robot_Server|x64.ActiveCfg = Robot_Server|x64
		{2F06A0A3-4DEE-4296-9886-EBC42A0A34DC}.Robot_Server|x64.Build.0 = Robot_Server|x64
		{2F06A0A3-4DEE-4296-9886-EBC42A0A34DC}.Shipping_Server|x64.ActiveCfg = Shipping|x64
		{2F06A0A3-4DEE-4296-9886-EBC42A0A34DC}.Shipping_Server|x64.Build.0 = Shipping|x64
		{FBEBE64C-4B00-4730-AC05-2748697F8C9F}.ActivationGenerate|x64.ActiveCfg = Shipping_Server|x64
		{FBEBE64C-4B00-4730-AC05-2748697F8C9F}.Robot_Server|x64.ActiveCfg = Robot_Server|x64
		{FBEBE64C-4B00-4730-AC05-2748697F8C9F}.Robot_Server|x64.Build.0 = Robot_Server|x64
		{FBEBE64C-4B00-4730-AC05-2748697F8C9F}.Shipping_Server|x64.ActiveCfg = Shipping_Server|x64
		{FBEBE64C-4B00-4730-AC05-2748697F8C9F}.Shipping_Server|x64.Build.0 = Shipping_Server|x64
		{24F9CA0B-5953-4974-98C1-702BC54B539F}.ActivationGenerate|x64.ActiveCfg = Shipping_Server|x64
		{24F9CA0B-5953-4974-98C1-702BC54B539F}.Robot_Server|x64.ActiveCfg = Robot_Server|x64
		{24F9CA0B-5953-4974-98C1-702BC54B539F}.Robot_Server|x64.Build.0 = Robot_Server|x64
		{24F9CA0B-5953-4974-98C1-702BC54B539F}.Shipping_Server|x64.ActiveCfg = Shipping_Server|x64
		{24F9CA0B-5953-4974-98C1-702BC54B539F}.Shipping_Server|x64.Build.0 = Shipping_Server|x64
		{A9637957-A78E-4FB9-956D-82D132C1C0F7}.ActivationGenerate|x64.ActiveCfg = Shipping_Server|x64
		{A9637957-A78E-4FB9-956D-82D132C1C0F7}.Robot_Server|x64.ActiveCfg = Robot_Server|x64
		{A9637957-A78E-4FB9-956D-82D132C1C0F7}.Robot_Server|x64.Build.0 = Robot_Server|x64
		{A9637957-A78E-4FB9-956D-82D132C1C0F7}.Shipping_Server|x64.ActiveCfg = Shipping_Server|x64
		{A9637957-A78E-4FB9-956D-82D132C1C0F7}.Shipping_Server|x64.Build.0 = Shipping_Server|x64
		{BFDA54D6-DC76-41E9-8A29-96AB12171DB1}.ActivationGenerate|x64.ActiveCfg = Shipping|Win32
		{BFDA54D6-DC76-41E9-8A29-96AB12171DB1}.Robot_Server|x64.ActiveCfg = Release|Win32
		{BFDA54D6-DC76-41E9-8A29-96AB12171DB1}.Shipping_Server|x64.ActiveCfg = Shipping|Win32
		{D8ECF785-E212-4D96-9FF7-2EB5BF3F18C5}.ActivationGenerate|x64.ActiveCfg = ActivationGenerate|x64
		{D8ECF785-E212-4D96-9FF7-2EB5BF3F18C5}.ActivationGenerate|x64.Build.0 = ActivationGenerate|x64
		{D8ECF785-E212-4D96-9FF7-2EB5BF3F18C5}.Robot_Server|x64.ActiveCfg = Robot_Server|x64
		{D8ECF785-E212-4D96-9FF7-2EB5BF3F18C5}.Shipping_Server|x64.ActiveCfg = Shipping|x64
	EndGlobalSection
	GlobalSection(SolutionProperties) = preSolution
		HideSolutionNode = FALSE
	EndGlobalSection
EndGlobal
